
Microsoft Visual Studio Solution File, Format Version 12.00
# Visual Studio Version 16
VisualStudioVersion = 16.0.29609.76
MinimumVisualStudioVersion = 10.0.40219.1
Project("{FAE04EC0-301F-11D3-BF4B-00C04F79EFBC}") = "lab_2", "lab_2.csproj", "{33BC8592-C012-479C-80FC-B93E0D874F53}"
EndProject
Global
	GlobalSection(SolutionConfigurationPlatforms) = preSolution
		Debug|Any CPU = Debug|Any CPU
		Release|Any CPU = Release|Any CPU
	EndGlobalSection
	GlobalSection(ProjectConfigurationPlatforms) = postSolution
		{33BC8592-C012-479C-80FC-B93E0D874F53}.Debug|Any CPU.ActiveCfg = Debug|Any CPU
		{33BC8592-C012-479C-80FC-B93E0D874F53}.Debug|Any CPU.Build.0 = Debug|Any CPU
		{33BC8592-C012-479C-80FC-B93E0D874F53}.Release|Any CPU.ActiveCfg = Release|Any CPU
		{33BC8592-C012-479C-80FC-B93E0D874F53}.Release|Any CPU.Build.0 = Release|Any CPU
	EndGlobalSection
	GlobalSection(SolutionProperties) = preSolution
		HideSolutionNode = FALSE
	EndGlobalSection
	GlobalSection(ExtensibilityGlobals) = postSolution
		SolutionGuid = {8454AF87-1B35-4BE1-8E7C-D980B6C6DDCE}
	EndGlobalSection
EndGlobal
